
Microsoft Visual Studio Solution File, Format Version 12.00
# Visual Studio 14
VisualStudioVersion = 14.0.24720.0
MinimumVisualStudioVersion = 10.0.40219.1
Project("{F184B08F-C81C-45F6-A57F-5ABD9991F28F}") = "WebControlCaptcha", "Generals.WebControlCaptcha\WebControlCaptcha.vbproj", "{03D1C790-162A-4AC0-B33B-634B263C0A63}"
EndProject
Project("{FAE04EC0-301F-11D3-BF4B-00C04F79EFBC}") = "Generals.framework", "Generals.framework\Generals.framework.csproj", "{62873D00-BC7C-4655-A182-C7CC6912462F}"
EndProject
Project("{FAE04EC0-301F-11D3-BF4B-00C04F79EFBC}") = "Generals.business", "Generals.business\Generals.business.csproj", "{79E1A452-53E0-4E80-8E00-C99919D29C4D}"
EndProject
Project("{FAE04EC0-301F-11D3-BF4B-00C04F79EFBC}") = "BrakGE", "Generals.Web\BrakGE.csproj", "{B1991C9D-95CE-4942-A9B2-B237DCFD2F67}"
EndProject
Global
	GlobalSection(SolutionConfigurationPlatforms) = preSolution
		Debug|Any CPU = Debug|Any CPU
		Release|Any CPU = Release|Any CPU
	EndGlobalSection
	GlobalSection(ProjectConfigurationPlatforms) = postSolution
		{03D1C790-162A-4AC0-B33B-634B263C0A63}.Debug|Any CPU.ActiveCfg = Debug|Any CPU
		{03D1C790-162A-4AC0-B33B-634B263C0A63}.Debug|Any CPU.Build.0 = Debug|Any CPU
		{03D1C790-162A-4AC0-B33B-634B263C0A63}.Release|Any CPU.ActiveCfg = Release|Any CPU
		{03D1C790-162A-4AC0-B33B-634B263C0A63}.Release|Any CPU.Build.0 = Release|Any CPU
		{62873D00-BC7C-4655-A182-C7CC6912462F}.Debug|Any CPU.ActiveCfg = Debug|Any CPU
		{62873D00-BC7C-4655-A182-C7CC6912462F}.Debug|Any CPU.Build.0 = Debug|Any CPU
		{62873D00-BC7C-4655-A182-C7CC6912462F}.Release|Any CPU.ActiveCfg = Release|Any CPU
		{62873D00-BC7C-4655-A182-C7CC6912462F}.Release|Any CPU.Build.0 = Release|Any CPU
		{79E1A452-53E0-4E80-8E00-C99919D29C4D}.Debug|Any CPU.ActiveCfg = Debug|Any CPU
		{79E1A452-53E0-4E80-8E00-C99919D29C4D}.Debug|Any CPU.Build.0 = Debug|Any CPU
		{79E1A452-53E0-4E80-8E00-C99919D29C4D}.Release|Any CPU.ActiveCfg = Release|Any CPU
		{79E1A452-53E0-4E80-8E00-C99919D29C4D}.Release|Any CPU.Build.0 = Release|Any CPU
		{B1991C9D-95CE-4942-A9B2-B237DCFD2F67}.Debug|Any CPU.ActiveCfg = Debug|Any CPU
		{B1991C9D-95CE-4942-A9B2-B237DCFD2F67}.Debug|Any CPU.Build.0 = Debug|Any CPU
		{B1991C9D-95CE-4942-A9B2-B237DCFD2F67}.Release|Any CPU.ActiveCfg = Release|Any CPU
		{B1991C9D-95CE-4942-A9B2-B237DCFD2F67}.Release|Any CPU.Build.0 = Release|Any CPU
	EndGlobalSection
	GlobalSection(SolutionProperties) = preSolution
		HideSolutionNode = FALSE
	EndGlobalSection
EndGlobal
